
Microsoft Visual Studio Solution File, Format Version 12.00
# Visual Studio 15
VisualStudioVersion = 15.0.26730.10
MinimumVisualStudioVersion = 10.0.40219.1
Project("{FAE04EC0-301F-11D3-BF4B-00C04F79EFBC}") = "BaozunOnRampService", "OnRampService\BaozunOnRampService.csproj", "{A94436F6-9C2C-4BF7-97B4-DB842721CD5B}"
EndProject
Project("{FAE04EC0-301F-11D3-BF4B-00C04F79EFBC}") = "TestApp", "TestApp\TestApp.csproj", "{B26CC424-2C8C-4AEF-84DC-984A41590D7F}"
	ProjectSection(ProjectDependencies) = postProject
		{A94436F6-9C2C-4BF7-97B4-DB842721CD5B} = {A94436F6-9C2C-4BF7-97B4-DB842721CD5B}
	EndProjectSection
EndProject
Global
	GlobalSection(SolutionConfigurationPlatforms) = preSolution
		Debug|Any CPU = Debug|Any CPU
		Release|Any CPU = Release|Any CPU
	EndGlobalSection
	GlobalSection(ProjectConfigurationPlatforms) = postSolution
		{A94436F6-9C2C-4BF7-97B4-DB842721CD5B}.Debug|Any CPU.ActiveCfg = Debug|Any CPU
		{A94436F6-9C2C-4BF7-97B4-DB842721CD5B}.Debug|Any CPU.Build.0 = Debug|Any CPU
		{A94436F6-9C2C-4BF7-97B4-DB842721CD5B}.Release|Any CPU.ActiveCfg = Release|Any CPU
		{A94436F6-9C2C-4BF7-97B4-DB842721CD5B}.Release|Any CPU.Build.0 = Release|Any CPU
		{B26CC424-2C8C-4AEF-84DC-984A41590D7F}.Debug|Any CPU.ActiveCfg = Debug|Any CPU
		{B26CC424-2C8C-4AEF-84DC-984A41590D7F}.Debug|Any CPU.Build.0 = Debug|Any CPU
		{B26CC424-2C8C-4AEF-84DC-984A41590D7F}.Release|Any CPU.ActiveCfg = Release|Any CPU
		{B26CC424-2C8C-4AEF-84DC-984A41590D7F}.Release|Any CPU.Build.0 = Release|Any CPU
	EndGlobalSection
	GlobalSection(SolutionProperties) = preSolution
		HideSolutionNode = FALSE
	EndGlobalSection
	GlobalSection(ExtensibilityGlobals) = postSolution
		SolutionGuid = {0A639F0A-15D9-4198-9EDF-AD96511E3D47}
	EndGlobalSection
EndGlobal
