
Microsoft Visual Studio Solution File, Format Version 12.00
# Visual Studio 15
VisualStudioVersion = 15.0.28307.572
MinimumVisualStudioVersion = 10.0.40219.1
Project("{FAE04EC0-301F-11D3-BF4B-00C04F79EFBC}") = "SalesChannelOrder.New", "SalesChannelOrder\SalesChannelOrder.New.csproj", "{8EB07ACF-47A9-49EA-B948-6D754B3C4178}"
EndProject
Project("{FAE04EC0-301F-11D3-BF4B-00C04F79EFBC}") = "MsgEnvelope", "MsgEnvelope\MsgEnvelope.csproj", "{066F61D0-81C1-4283-AAC5-7B3070772F36}"
EndProject
Project("{FAE04EC0-301F-11D3-BF4B-00C04F79EFBC}") = "CanonicalShippingConfirmation.Tigers", "CanonicalShippingConfirmation\CanonicalShippingConfirmation.Tigers.csproj", "{70FA85F5-9301-4663-B569-9AE9F8315A31}"
EndProject
Project("{FAE04EC0-301F-11D3-BF4B-00C04F79EFBC}") = "CanonicalShippingConfirmation.NRI", "CanonicalShippingConfirmationNRI\CanonicalShippingConfirmation.NRI.csproj", "{3800A6B9-8AB9-41EC-B7C8-13B9C7400ED7}"
EndProject
Project("{FAE04EC0-301F-11D3-BF4B-00C04F79EFBC}") = "SalesChannelOrder.Return", "CanonicalReturn\SalesChannelOrder.Return.csproj", "{7AB0AD83-36C5-4F5E-9176-CB8AE79B69EE}"
EndProject
Project("{2150E333-8FDC-42A3-9474-1A3956D46DE8}") = "Solution Items", "Solution Items", "{B75A374B-33AE-42F3-8D2C-6507E7BAC626}"
EndProject
Project("{FAE04EC0-301F-11D3-BF4B-00C04F79EFBC}") = "SalesChannelOrder.Exchange", "SalesChannelOrder-Exchange\SalesChannelOrder.Exchange.csproj", "{A9A81B70-DD4A-4831-B7C0-F69195C42190}"
EndProject
Global
	GlobalSection(SolutionConfigurationPlatforms) = preSolution
		Debug|Any CPU = Debug|Any CPU
		Release|Any CPU = Release|Any CPU
	EndGlobalSection
	GlobalSection(ProjectConfigurationPlatforms) = postSolution
		{8EB07ACF-47A9-49EA-B948-6D754B3C4178}.Debug|Any CPU.ActiveCfg = Debug|Any CPU
		{8EB07ACF-47A9-49EA-B948-6D754B3C4178}.Debug|Any CPU.Build.0 = Debug|Any CPU
		{8EB07ACF-47A9-49EA-B948-6D754B3C4178}.Release|Any CPU.ActiveCfg = Release|Any CPU
		{8EB07ACF-47A9-49EA-B948-6D754B3C4178}.Release|Any CPU.Build.0 = Release|Any CPU
		{066F61D0-81C1-4283-AAC5-7B3070772F36}.Debug|Any CPU.ActiveCfg = Debug|Any CPU
		{066F61D0-81C1-4283-AAC5-7B3070772F36}.Debug|Any CPU.Build.0 = Debug|Any CPU
		{066F61D0-81C1-4283-AAC5-7B3070772F36}.Release|Any CPU.ActiveCfg = Release|Any CPU
		{066F61D0-81C1-4283-AAC5-7B3070772F36}.Release|Any CPU.Build.0 = Release|Any CPU
		{70FA85F5-9301-4663-B569-9AE9F8315A31}.Debug|Any CPU.ActiveCfg = Debug|Any CPU
		{70FA85F5-9301-4663-B569-9AE9F8315A31}.Debug|Any CPU.Build.0 = Debug|Any CPU
		{70FA85F5-9301-4663-B569-9AE9F8315A31}.Release|Any CPU.ActiveCfg = Release|Any CPU
		{70FA85F5-9301-4663-B569-9AE9F8315A31}.Release|Any CPU.Build.0 = Release|Any CPU
		{3800A6B9-8AB9-41EC-B7C8-13B9C7400ED7}.Debug|Any CPU.ActiveCfg = Debug|Any CPU
		{3800A6B9-8AB9-41EC-B7C8-13B9C7400ED7}.Debug|Any CPU.Build.0 = Debug|Any CPU
		{3800A6B9-8AB9-41EC-B7C8-13B9C7400ED7}.Release|Any CPU.ActiveCfg = Release|Any CPU
		{3800A6B9-8AB9-41EC-B7C8-13B9C7400ED7}.Release|Any CPU.Build.0 = Release|Any CPU
		{7AB0AD83-36C5-4F5E-9176-CB8AE79B69EE}.Debug|Any CPU.ActiveCfg = Debug|Any CPU
		{7AB0AD83-36C5-4F5E-9176-CB8AE79B69EE}.Debug|Any CPU.Build.0 = Debug|Any CPU
		{7AB0AD83-36C5-4F5E-9176-CB8AE79B69EE}.Release|Any CPU.ActiveCfg = Release|Any CPU
		{7AB0AD83-36C5-4F5E-9176-CB8AE79B69EE}.Release|Any CPU.Build.0 = Release|Any CPU
		{A9A81B70-DD4A-4831-B7C0-F69195C42190}.Debug|Any CPU.ActiveCfg = Debug|Any CPU
		{A9A81B70-DD4A-4831-B7C0-F69195C42190}.Debug|Any CPU.Build.0 = Debug|Any CPU
		{A9A81B70-DD4A-4831-B7C0-F69195C42190}.Release|Any CPU.ActiveCfg = Release|Any CPU
		{A9A81B70-DD4A-4831-B7C0-F69195C42190}.Release|Any CPU.Build.0 = Release|Any CPU
	EndGlobalSection
	GlobalSection(SolutionProperties) = preSolution
		HideSolutionNode = FALSE
	EndGlobalSection
	GlobalSection(ExtensibilityGlobals) = postSolution
		SolutionGuid = {76B17938-EBCF-4D94-A18D-4E4E754F656B}
	EndGlobalSection
EndGlobal
